
Microsoft Visual Studio Solution File, Format Version 12.00
# Visual Studio Version 17
VisualStudioVersion = 17.5.33424.131
MinimumVisualStudioVersion = 10.0.40219.1
Project("{FAE04EC0-301F-11D3-BF4B-00C04F79EFBC}") = "MediaConverter", "MediaConverter\MediaConverter.csproj", "{3CA26790-7D88-4883-80DC-52B085EA5BF6}"
EndProject
Global
	GlobalSection(SolutionConfigurationPlatforms) = preSolution
		Debug|Any CPU = Debug|Any CPU
		Release|Any CPU = Release|Any CPU
	EndGlobalSection
	GlobalSection(ProjectConfigurationPlatforms) = postSolution
		{3CA26790-7D88-4883-80DC-52B085EA5BF6}.Debug|Any CPU.ActiveCfg = Debug|Any CPU
		{3CA26790-7D88-4883-80DC-52B085EA5BF6}.Debug|Any CPU.Build.0 = Debug|Any CPU
		{3CA26790-7D88-4883-80DC-52B085EA5BF6}.Release|Any CPU.ActiveCfg = Release|Any CPU
		{3CA26790-7D88-4883-80DC-52B085EA5BF6}.Release|Any CPU.Build.0 = Release|Any CPU
	EndGlobalSection
	GlobalSection(SolutionProperties) = preSolution
		HideSolutionNode = FALSE
	EndGlobalSection
	GlobalSection(ExtensibilityGlobals) = postSolution
		SolutionGuid = {A635A296-45AC-43CA-B127-74CC3163A66C}
	EndGlobalSection
EndGlobal
